// !$*UTF8*$!
{
	archiveVersion = 1;
	classes = {
	};
	objectVersion = 46;
	objects = {

/* Begin PBXBuildFile section */
		30F9298B1D90C57000B1D89B /* main.m in Sources */ = {isa = PBXBuildFile; fileRef = 30F9298A1D90C57000B1D89B /* main.m */; };
		30F9298E1D90C57000B1D89B /* AppDelegate.m in Sources */ = {isa = PBXBuildFile; fileRef = 30F9298D1D90C57000B1D89B /* AppDelegate.m */; };
		30F929911D90C57000B1D89B /* ViewController.m in Sources */ = {isa = PBXBuildFile; fileRef = 30F929901D90C57000B1D89B /* ViewController.m */; };
		30F929941D90C57000B1D89B /* Main.storyboard in Resources */ = {isa = PBXBuildFile; fileRef = 30F929921D90C57000B1D89B /* Main.storyboard */; };
		30F929961D90C57000B1D89B /* Assets.xcassets in Resources */ = {isa = PBXBuildFile; fileRef = 30F929951D90C57000B1D89B /* Assets.xcassets */; };
		30F929991D90C57000B1D89B /* LaunchScreen.storyboard in Resources */ = {isa = PBXBuildFile; fileRef = 30F929971D90C57000B1D89B /* LaunchScreen.storyboard */; };
		9DE357951F7A0DE0B1FB8D01 /* libPods-文件断点下载Demo.a in Frameworks */ = {isa = PBXBuildFile; fileRef = 4418A03A7AB197F7379A3B1E /* libPods-文件断点下载Demo.a */; };
/* End PBXBuildFile section */

/* Begin PBXFileReference section */
		30F929861D90C56F00B1D89B /* 文件断点下载Demo.app */ = {isa = PBXFileReference; explicitFileType = wrapper.application; includeInIndex = 0; path = "文件断点下载Demo.app"; sourceTree = BUILT_PRODUCTS_DIR; };
		30F9298A1D90C57000B1D89B /* main.m */ = {isa = PBXFileReference; lastKnownFileType = sourcecode.c.objc; path = main.m; sourceTree = "<group>"; };
		30F9298C1D90C57000B1D89B /* AppDelegate.h */ = {isa = PBXFileReference; lastKnownFileType = sourcecode.c.h; path = AppDelegate.h; sourceTree = "<group>"; };
		30F9298D1D90C57000B1D89B /* AppDelegate.m */ = {isa = PBXFileReference; lastKnownFileType = sourcecode.c.objc; path = AppDelegate.m; sourceTree = "<group>"; };
		30F9298F1D90C57000B1D89B /* ViewController.h */ = {isa = PBXFileReference; lastKnownFileType = sourcecode.c.h; path = ViewController.h; sourceTree = "<group>"; };
		30F929901D90C57000B1D89B /* ViewController.m */ = {isa = PBXFileReference; lastKnownFileType = sourcecode.c.objc; path = ViewController.m; sourceTree = "<group>"; };
		30F929931D90C57000B1D89B /* Base */ = {isa = PBXFileReference; lastKnownFileType = file.storyboard; name = Base; path = Base.lproj/Main.storyboard; sourceTree = "<group>"; };
		30F929951D90C57000B1D89B /* Assets.xcassets */ = {isa = PBXFileReference; lastKnownFileType = folder.assetcatalog; path = Assets.xcassets; sourceTree = "<group>"; };
		30F929981D90C57000B1D89B /* Base */ = {isa = PBXFileReference; lastKnownFileType = file.storyboard; name = Base; path = Base.lproj/LaunchScreen.storyboard; sourceTree = "<group>"; };
		30F9299A1D90C57000B1D89B /* Info.plist */ = {isa = PBXFileReference; lastKnownFileType = text.plist.xml; path = Info.plist; sourceTree = "<group>"; };
		334D25E9819C50835919B069 /* Pods-文件断点下载Demo.debug.xcconfig */ = {isa = PBXFileReference; includeInIndex = 1; lastKnownFileType = text.xcconfig; name = "Pods-文件断点下载Demo.debug.xcconfig"; path = "Pods/Target Support Files/Pods-文件断点下载Demo/Pods-文件断点下载Demo.debug.xcconfig"; sourceTree = "<group>"; };
		4418A03A7AB197F7379A3B1E /* libPods-文件断点下载Demo.a */ = {isa = PBXFileReference; explicitFileType = archive.ar; includeInIndex = 0; path = "libPods-文件断点下载Demo.a"; sourceTree = BUILT_PRODUCTS_DIR; };
		8869205DCF2583749DF9A183 /* Pods-文件断点下载Demo.release.xcconfig */ = {isa = PBXFileReference; includeInIndex = 1; lastKnownFileType = text.xcconfig; name = "Pods-文件断点下载Demo.release.xcconfig"; path = "Pods/Target Support Files/Pods-文件断点下载Demo/Pods-文件断点下载Demo.release.xcconfig"; sourceTree = "<group>"; };
/* End PBXFileReference section */

/* Begin PBXFrameworksBuildPhase section */
		30F929831D90C56F00B1D89B /* Frameworks */ = {
			isa = PBXFrameworksBuildPhase;
			buildActionMask = 2147483647;
			files = (
				9DE357951F7A0DE0B1FB8D01 /* libPods-文件断点下载Demo.a in Frameworks */,
			);
			runOnlyForDeploymentPostprocessing = 0;
		};
/* End PBXFrameworksBuildPhase section */

/* Begin PBXGroup section */
		30F9297D1D90C56F00B1D89B = {
			isa = PBXGroup;
			children = (
				30F929881D90C57000B1D89B /* 文件断点下载Demo */,
				30F929871D90C56F00B1D89B /* Products */,
				9BDE435A02F9E379F0273652 /* Pods */,
				F66F0FBB61576057CDA5BFB9 /* Frameworks */,
			);
			sourceTree = "<group>";
		};
		30F929871D90C56F00B1D89B /* Products */ = {
			isa = PBXGroup;
			children = (
				30F929861D90C56F00B1D89B /* 文件断点下载Demo.app */,
			);
			name = Products;
			sourceTree = "<group>";
		};
		30F929881D90C57000B1D89B /* 文件断点下载Demo */ = {
			isa = PBXGroup;
			children = (
				30F9298C1D90C57000B1D89B /* AppDelegate.h */,
				30F9298D1D90C57000B1D89B /* AppDelegate.m */,
				30F9298F1D90C57000B1D89B /* ViewController.h */,
				30F929901D90C57000B1D89B /* ViewController.m */,
				30F929921D90C57000B1D89B /* Main.storyboard */,
				30F929951D90C57000B1D89B /* Assets.xcassets */,
				30F929971D90C57000B1D89B /* LaunchScreen.storyboard */,
				30F9299A1D90C57000B1D89B /* Info.plist */,
				30F929891D90C57000B1D89B /* Supporting Files */,
			);
			path = "文件断点下载Demo";
			sourceTree = "<group>";
		};
		30F929891D90C57000B1D89B /* Supporting Files */ = {
			isa = PBXGroup;
			children = (
				30F9298A1D90C57000B1D89B /* main.m */,
			);
			name = "Supporting Files";
			sourceTree = "<group>";
		};
		9BDE435A02F9E379F0273652 /* Pods */ = {
			isa = PBXGroup;
			children = (
				334D25E9819C50835919B069 /* Pods-文件断点下载Demo.debug.xcconfig */,
				8869205DCF2583749DF9A183 /* Pods-文件断点下载Demo.release.xcconfig */,
			);
			name = Pods;
			sourceTree = "<group>";
		};
		F66F0FBB61576057CDA5BFB9 /* Frameworks */ = {
			isa = PBXGroup;
			children = (
				4418A03A7AB197F7379A3B1E /* libPods-文件断点下载Demo.a */,
			);
			name = Frameworks;
			sourceTree = "<group>";
		};
/* End PBXGroup section */

/* Begin PBXNativeTarget section */
		30F929851D90C56F00B1D89B /* 文件断点下载Demo */ = {
			isa = PBXNativeTarget;
			buildConfigurationList = 30F9299D1D90C57000B1D89B /* Build configuration list for PBXNativeTarget "文件断点下载Demo" */;
			buildPhases = (
				9361098A2DD12E6B2314EE0D /* [CP] Check Pods Manifest.lock */,
				30F929821D90C56F00B1D89B /* Sources */,
				30F929831D90C56F00B1D89B /* Frameworks */,
				30F929841D90C56F00B1D89B /* Resources */,
				111E29B7F5C3FCEBDCF4095C /* [CP] Embed Pods Frameworks */,
				2C9D9B8E31B97C42D370539F /* [CP] Copy Pods Resources */,
			);
			buildRules = (
			);
			dependencies = (
			);
			name = "文件断点下载Demo";
			productName = "文件断点下载Demo";
			productReference = 30F929861D90C56F00B1D89B /* 文件断点下载Demo.app */;
			productType = "com.apple.product-type.application";
		};
/* End PBXNativeTarget section */

/* Begin PBXProject section */
		30F9297E1D90C56F00B1D89B /* Project object */ = {
			isa = PBXProject;
			attributes = {
				LastUpgradeCheck = 0730;
				ORGANIZATIONNAME = "周君";
				TargetAttributes = {
					30F929851D90C56F00B1D89B = {
						CreatedOnToolsVersion = 7.3.1;
					};
				};
			};
			buildConfigurationList = 30F929811D90C56F00B1D89B /* Build configuration list for PBXProject "文件断点下载Demo" */;
			compatibilityVersion = "Xcode 3.2";
			developmentRegion = English;
			hasScannedForEncodings = 0;
			knownRegions = (
				en,
				Base,
			);
			mainGroup = 30F9297D1D90C56F00B1D89B;
			productRefGroup = 30F929871D90C56F00B1D89B /* Products */;
			projectDirPath = "";
			projectRoot = "";
			targets = (
				30F929851D90C56F00B1D89B /* 文件断点下载Demo */,
			);
		};
/* End PBXProject section */

/* Begin PBXResourcesBuildPhase section */
		30F929841D90C56F00B1D89B /* Resources */ = {
			isa = PBXResourcesBuildPhase;
			buildActionMask = 2147483647;
			files = (
				30F929991D90C57000B1D89B /* LaunchScreen.storyboard in Resources */,
				30F929961D90C57000B1D89B /* Assets.xcassets in Resources */,
				30F929941D90C57000B1D89B /* Main.storyboard in Resources */,
			);
			runOnlyForDeploymentPostprocessing = 0;
		};
/* End PBXResourcesBuildPhase section */

/* Begin PBXShellScriptBuildPhase section */
		111E29B7F5C3FCEBDCF4095C /* [CP] Embed Pods Frameworks */ = {
			isa = PBXShellScriptBuildPhase;
			buildActionMask = 2147483647;
			files = (
			);
			inputPaths = (
			);
			name = "[CP] Embed Pods Frameworks";
			outputPaths = (
			);
			runOnlyForDeploymentPostprocessing = 0;
			shellPath = /bin/sh;
			shellScript = "\"${SRCROOT}/Pods/Target Support Files/Pods-文件断点下载Demo/Pods-文件断点下载Demo-frameworks.sh\"\n";
			showEnvVarsInLog = 0;
		};
		2C9D9B8E31B97C42D370539F /* [CP] Copy Pods Resources */ = {
			isa = PBXShellScriptBuildPhase;
			buildActionMask = 2147483647;
			files = (
			);
			inputPaths = (
			);
			name = "[CP] Copy Pods Resources";
			outputPaths = (
			);
			runOnlyForDeploymentPostprocessing = 0;
			shellPath = /bin/sh;
			shellScript = "\"${SRCROOT}/Pods/Target Support Files/Pods-文件断点下载Demo/Pods-文件断点下载Demo-resources.sh\"\n";
			showEnvVarsInLog = 0;
		};
		9361098A2DD12E6B2314EE0D /* [CP] Check Pods Manifest.lock */ = {
			isa = PBXShellScriptBuildPhase;
			buildActionMask = 2147483647;
			files = (
			);
			inputPaths = (
			);
			name = "[CP] Check Pods Manifest.lock";
			outputPaths = (
			);
			runOnlyForDeploymentPostprocessing = 0;
			shellPath = /bin/sh;
			shellScript = "diff \"${PODS_ROOT}/../Podfile.lock\" \"${PODS_ROOT}/Manifest.lock\" > /dev/null\nif [[ $? != 0 ]] ; then\n    cat << EOM\nerror: The sandbox is not in sync with the Podfile.lock. Run 'pod install' or update your CocoaPods installation.\nEOM\n    exit 1\nfi\n";
			showEnvVarsInLog = 0;
		};
/* End PBXShellScriptBuildPhase section */

/* Begin PBXSourcesBuildPhase section */
		30F929821D90C56F00B1D89B /* Sources */ = {
			isa = PBXSourcesBuildPhase;
			buildActionMask = 2147483647;
			files = (
				30F929911D90C57000B1D89B /* ViewController.m in Sources */,
				30F9298E1D90C57000B1D89B /* AppDelegate.m in Sources */,
				30F9298B1D90C57000B1D89B /* main.m in Sources */,
			);
			runOnlyForDeploymentPostprocessing = 0;
		};
/* End PBXSourcesBuildPhase section */

/* Begin PBXVariantGroup section */
		30F929921D90C57000B1D89B /* Main.storyboard */ = {
			isa = PBXVariantGroup;
			children = (
				30F929931D90C57000B1D89B /* Base */,
			);
			name = Main.storyboard;
			sourceTree = "<group>";
		};
		30F929971D90C57000B1D89B /* LaunchScreen.storyboard */ = {
			isa = PBXVariantGroup;
			children = (
				30F929981D90C57000B1D89B /* Base */,
			);
			name = LaunchScreen.storyboard;
			sourceTree = "<group>";
		};
/* End PBXVariantGroup section */

/* Begin XCBuildConfiguration section */
		30F9299B1D90C57000B1D89B /* Debug */ = {
			isa = XCBuildConfiguration;
			buildSettings = {
				ALWAYS_SEARCH_USER_PATHS = NO;
				CLANG_ANALYZER_NONNULL = YES;
				CLANG_CXX_LANGUAGE_STANDARD = "gnu++0x";
				CLANG_CXX_LIBRARY = "libc++";
				CLANG_ENABLE_MODULES = YES;
				CLANG_ENABLE_OBJC_ARC = YES;
				CLANG_WARN_BOOL_CONVERSION = YES;
				CLANG_WARN_CONSTANT_CONVERSION = YES;
				CLANG_WARN_DIRECT_OBJC_ISA_USAGE = YES_ERROR;
				CLANG_WARN_EMPTY_BODY = YES;
				CLANG_WARN_ENUM_CONVERSION = YES;
				CLANG_WARN_INT_CONVERSION = YES;
				CLANG_WARN_OBJC_ROOT_CLASS = YES_ERROR;
				CLANG_WARN_UNREACHABLE_CODE = YES;
				CLANG_WARN__DUPLICATE_METHOD_MATCH = YES;
				"CODE_SIGN_IDENTITY[sdk=iphoneos*]" = "iPhone Developer";
				COPY_PHASE_STRIP = NO;
				DEBUG_INFORMATION_FORMAT = dwarf;
				ENABLE_STRICT_OBJC_MSGSEND = YES;
				ENABLE_TESTABILITY = YES;
				GCC_C_LANGUAGE_STANDARD = gnu99;
				GCC_DYNAMIC_NO_PIC = NO;
				GCC_NO_COMMON_BLOCKS = YES;
				GCC_OPTIMIZATION_LEVEL = 0;
				GCC_PREPROCESSOR_DEFINITIONS = (
					"DEBUG=1",
					"$(inherited)",
				);
				GCC_WARN_64_TO_32_BIT_CONVERSION = YES;
				GCC_WARN_ABOUT_RETURN_TYPE = YES_ERROR;
				GCC_WARN_UNDECLARED_SELECTOR = YES;
				GCC_WARN_UNINITIALIZED_AUTOS = YES_AGGRESSIVE;
				GCC_WARN_UNUSED_FUNCTION = YES;
				GCC_WARN_UNUSED_VARIABLE = YES;
				IPHONEOS_DEPLOYMENT_TARGET = 9.3;
				MTL_ENABLE_DEBUG_INFO = YES;
				ONLY_ACTIVE_ARCH = YES;
				SDKROOT = iphoneos;
			};
			name = Debug;
		};
		30F9299C1D90C57000B1D89B /* Release */ = {
			isa = XCBuildConfiguration;
			buildSettings = {
				ALWAYS_SEARCH_USER_PATHS = NO;
				CLANG_ANALYZER_NONNULL = YES;
				CLANG_CXX_LANGUAGE_STANDARD = "gnu++0x";
				CLANG_CXX_LIBRARY = "libc++";
				CLANG_ENABLE_MODULES = YES;
				CLANG_ENABLE_OBJC_ARC = YES;
				CLANG_WARN_BOOL_CONVERSION = YES;
				CLANG_WARN_CONSTANT_CONVERSION = YES;
				CLANG_WARN_DIRECT_OBJC_ISA_USAGE = YES_ERROR;
				CLANG_WARN_EMPTY_BODY = YES;
				CLANG_WARN_ENUM_CONVERSION = YES;
				CLANG_WARN_INT_CONVERSION = YES;
				CLANG_WARN_OBJC_ROOT_CLASS = YES_ERROR;
				CLANG_WARN_UNREACHABLE_CODE = YES;
				CLANG_WARN__DUPLICATE_METHOD_MATCH = YES;
				"CODE_SIGN_IDENTITY[sdk=iphoneos*]" = "iPhone Developer";
				COPY_PHASE_STRIP = NO;
				DEBUG_INFORMATION_FORMAT = "dwarf-with-dsym";
				ENABLE_NS_ASSERTIONS = NO;
				ENABLE_STRICT_OBJC_MSGSEND = YES;
				GCC_C_LANGUAGE_STANDARD = gnu99;
				GCC_NO_COMMON_BLOCKS = YES;
				GCC_WARN_64_TO_32_BIT_CONVERSION = YES;
				GCC_WARN_ABOUT_RETURN_TYPE = YES_ERROR;
				GCC_WARN_UNDECLARED_SELECTOR = YES;
				GCC_WARN_UNINITIALIZED_AUTOS = YES_AGGRESSIVE;
				GCC_WARN_UNUSED_FUNCTION = YES;
				GCC_WARN_UNUSED_VARIABLE = YES;
				IPHONEOS_DEPLOYMENT_TARGET = 9.3;
				MTL_ENABLE_DEBUG_INFO = NO;
				SDKROOT = iphoneos;
				VALIDATE_PRODUCT = YES;
			};
			name = Release;
		};
		30F9299E1D90C57000B1D89B /* Debug */ = {
			isa = XCBuildConfiguration;
			baseConfigurationReference = 334D25E9819C50835919B069 /* Pods-文件断点下载Demo.debug.xcconfig */;
			buildSettings = {
				ASSETCATALOG_COMPILER_APPICON_NAME = AppIcon;
				INFOPLIST_FILE = "文件断点下载Demo/Info.plist";
				IPHONEOS_DEPLOYMENT_TARGET = 8.0;
				LD_RUNPATH_SEARCH_PATHS = "$(inherited) @executable_path/Frameworks";
				PRODUCT_BUNDLE_IDENTIFIER = "com.zhoujun.------Demo";
				PRODUCT_NAME = "$(TARGET_NAME)";
			};
			name = Debug;
		};
		30F9299F1D90C57000B1D89B /* Release */ = {
			isa = XCBuildConfiguration;
			baseConfigurationReference = 8869205DCF2583749DF9A183 /* Pods-文件断点下载Demo.release.xcconfig */;
			buildSettings = {
				ASSETCATALOG_COMPILER_APPICON_NAME = AppIcon;
				INFOPLIST_FILE = "文件断点下载Demo/Info.plist";
				IPHONEOS_DEPLOYMENT_TARGET = 8.0;
				LD_RUNPATH_SEARCH_PATHS = "$(inherited) @executable_path/Frameworks";
				PRODUCT_BUNDLE_IDENTIFIER = "com.zhoujun.------Demo";
				PRODUCT_NAME = "$(TARGET_NAME)";
			};
			name = Release;
		};
/* End XCBuildConfiguration section */

/* Begin XCConfigurationList section */
		30F929811D90C56F00B1D89B /* Build configuration list for PBXProject "文件断点下载Demo" */ = {
			isa = XCConfigurationList;
			buildConfigurations = (
				30F9299B1D90C57000B1D89B /* Debug */,
				30F9299C1D90C57000B1D89B /* Release */,
			);
			defaultConfigurationIsVisible = 0;
			defaultConfigurationName = Release;
		};
		30F9299D1D90C57000B1D89B /* Build configuration list for PBXNativeTarget "文件断点下载Demo" */ = {
			isa = XCConfigurationList;
			buildConfigurations = (
				30F9299E1D90C57000B1D89B /* Debug */,
				30F9299F1D90C57000B1D89B /* Release */,
			);
			defaultConfigurationIsVisible = 0;
			defaultConfigurationName = Release;
		};
/* End XCConfigurationList section */
	};
	rootObject = 30F9297E1D90C56F00B1D89B /* Project object */;
}
